
Microsoft Visual Studio Solution File, Format Version 12.00
# Visual Studio 2012
Project("{FAE04EC0-301F-11D3-BF4B-00C04F79EFBC}") = "ContactManager", "ContactManager\ContactManager.csproj", "{CD3096B6-9D30-4623-AA05-E93CB56CEF09}"
	ProjectSection(WebsiteProperties) = preProject
		Debug.AspNetCompiler.Debug = "True"
		Release.AspNetCompiler.Debug = "False"
	EndProjectSection
EndProject
Project("{FAE04EC0-301F-11D3-BF4B-00C04F79EFBC}") = "ContactManagerReferencesProxy", "ContactManager\referencesProxy\ContactManagerReferencesProxy.csproj", "{F3BEB653-9E30-4E65-A8BB-3192461CBF8D}"
EndProject
Project("{FAE04EC0-301F-11D3-BF4B-00C04F79EFBC}") = "DatabaseAbstractionLayer", "DatabaseAbstractionLayer\DatabaseAbstractionLayer.csproj", "{E451FEC9-2B6B-45A2-8AB9-57196F4557E8}"
	ProjectSection(WebsiteProperties) = preProject
	EndProjectSection
EndProject
Project("{FAE04EC0-301F-11D3-BF4B-00C04F79EFBC}") = "iDB2DatabaseProvider", "DatabaseProviders\iDB2DatabaseProvider\iDB2DatabaseProvider.csproj", "{C166B554-BB89-4A79-B23A-6D01560A8A9C}"
	ProjectSection(WebsiteProperties) = preProject
	EndProjectSection
EndProject
Project("{FAE04EC0-301F-11D3-BF4B-00C04F79EFBC}") = "MySQLDatabaseProvider", "DatabaseProviders\MySQLDatabaseProvider\MySQLDatabaseProvider.csproj", "{B4249E72-A4EE-40C9-BBC3-F7BA2B225B49}"
	ProjectSection(WebsiteProperties) = preProject
	EndProjectSection
EndProject
Project("{FAE04EC0-301F-11D3-BF4B-00C04F79EFBC}") = "OracleDatabaseProvider", "DatabaseProviders\OracleDatabaseProvider\OracleDatabaseProvider.csproj", "{3EF55125-0623-4DA7-9DA2-236B6B29D1B9}"
	ProjectSection(WebsiteProperties) = preProject
	EndProjectSection
EndProject
Project("{FAE04EC0-301F-11D3-BF4B-00C04F79EFBC}") = "OutSystems.Logging", "OutSystems.Logging\OutSystems.Logging.csproj", "{44AD51AB-D34E-4F1E-8246-E87B6ABC2A40}"
	ProjectSection(WebsiteProperties) = preProject
	EndProjectSection
EndProject
Project("{FAE04EC0-301F-11D3-BF4B-00C04F79EFBC}") = "OutSystems.Plugin.RabbitMQ", "OutSystems.Plugin.RabbitMQ\OutSystems.Plugin.RabbitMQ.csproj", "{B3652141-5B17-4EFE-8B88-08D076CB8452}"
	ProjectSection(WebsiteProperties) = preProject
	EndProjectSection
EndProject
Project("{FAE04EC0-301F-11D3-BF4B-00C04F79EFBC}") = "OutSystems.Plugin.Widgets.Runtime", "Plugin.Widgets.Runtime\OutSystems.Plugin.Widgets.Runtime.csproj", "{E1542247-C244-4EC3-99F1-F39717106886}"
	ProjectSection(WebsiteProperties) = preProject
	EndProjectSection
EndProject
Project("{FAE04EC0-301F-11D3-BF4B-00C04F79EFBC}") = "OutSystems.PluginAPI", "OutSystems.PluginAPI\OutSystems.PluginAPI.csproj", "{3EE43BC9-1D1A-4CAF-8B63-EB97A9F0CE09}"
	ProjectSection(WebsiteProperties) = preProject
	EndProjectSection
EndProject
Project("{FAE04EC0-301F-11D3-BF4B-00C04F79EFBC}") = "OutSystems.RuntimeCommon", "OutSystems.RuntimeCommon\OutSystems.RuntimeCommon.csproj", "{A99F44D3-9D76-4AA1-A833-BA2D283AD22E}"
	ProjectSection(WebsiteProperties) = preProject
	EndProjectSection
EndProject
Project("{FAE04EC0-301F-11D3-BF4B-00C04F79EFBC}") = "REST.RuntimeAPI", "REST.RuntimeAPI\OutSystems.REST.API.csproj", "{F5803169-25EF-4B23-94CA-C105C3251F06}"
	ProjectSection(WebsiteProperties) = preProject
	EndProjectSection
EndProject
Project("{FAE04EC0-301F-11D3-BF4B-00C04F79EFBC}") = "RESTService.Runtime", "RESTService.Runtime\RESTService.Runtime.csproj", "{86884663-2A9F-4356-A50C-ABFCC47A21AE}"
	ProjectSection(WebsiteProperties) = preProject
	EndProjectSection
EndProject
Project("{FAE04EC0-301F-11D3-BF4B-00C04F79EFBC}") = "RuntimePlatform", "RuntimePlatform\RuntimePlatform.csproj", "{EFB0D1E3-076D-4F16-A595-B33BFC5B3F18}"
	ProjectSection(WebsiteProperties) = preProject
	EndProjectSection
EndProject
Project("{FAE04EC0-301F-11D3-BF4B-00C04F79EFBC}") = "SQLServerDatabaseProvider", "DatabaseProviders\SQLServerDatabaseProvider\SQLServerDatabaseProvider.csproj", "{F1EF83A7-35CD-4F71-A1A6-C826CEEA7901}"
	ProjectSection(WebsiteProperties) = preProject
	EndProjectSection
EndProject
Project("{FAE04EC0-301F-11D3-BF4B-00C04F79EFBC}") = "WebWidgets", "WebWidgets\WebWidgets.csproj", "{0F14B756-1F80-421A-9837-79B64857331C}"
	ProjectSection(WebsiteProperties) = preProject
	EndProjectSection
EndProject
Project("{FAE04EC0-301F-11D3-BF4B-00C04F79EFBC}") = "WidgetsRuntimeAPI", "WidgetsRuntimeAPI\WidgetsRuntimeAPI.csproj", "{F686984C-5ABE-4529-9AE1-4BBF1EA7F93E}"
	ProjectSection(WebsiteProperties) = preProject
	EndProjectSection
EndProject
Global
	GlobalSection(SolutionConfigurationPlatforms) = preSolution
		Debug|Any CPU = Debug|Any CPU
		Release|Any CPU = Release|Any CPU
	EndGlobalSection
	GlobalSection(ProjectConfigurationPlatforms) = postSolution
		{F686984C-5ABE-4529-9AE1-4BBF1EA7F93E}.Debug|Any CPU.ActiveCfg = Debug|Any CPU
		{F686984C-5ABE-4529-9AE1-4BBF1EA7F93E}.Debug|Any CPU.Build.0 = Debug|Any CPU
		{F686984C-5ABE-4529-9AE1-4BBF1EA7F93E}.Release|Any CPU.ActiveCfg = Release|Any CPU
		{F686984C-5ABE-4529-9AE1-4BBF1EA7F93E}.Release|Any CPU.Build.0 = Release|Any CPU
		{0F14B756-1F80-421A-9837-79B64857331C}.Debug|Any CPU.ActiveCfg = Debug|Any CPU
		{0F14B756-1F80-421A-9837-79B64857331C}.Debug|Any CPU.Build.0 = Debug|Any CPU
		{0F14B756-1F80-421A-9837-79B64857331C}.Release|Any CPU.ActiveCfg = Release|Any CPU
		{0F14B756-1F80-421A-9837-79B64857331C}.Release|Any CPU.Build.0 = Release|Any CPU
		{F1EF83A7-35CD-4F71-A1A6-C826CEEA7901}.Debug|Any CPU.ActiveCfg = Debug|Any CPU
		{F1EF83A7-35CD-4F71-A1A6-C826CEEA7901}.Debug|Any CPU.Build.0 = Debug|Any CPU
		{F1EF83A7-35CD-4F71-A1A6-C826CEEA7901}.Release|Any CPU.ActiveCfg = Release|Any CPU
		{F1EF83A7-35CD-4F71-A1A6-C826CEEA7901}.Release|Any CPU.Build.0 = Release|Any CPU
		{EFB0D1E3-076D-4F16-A595-B33BFC5B3F18}.Debug|Any CPU.ActiveCfg = Debug|Any CPU
		{EFB0D1E3-076D-4F16-A595-B33BFC5B3F18}.Debug|Any CPU.Build.0 = Debug|Any CPU
		{EFB0D1E3-076D-4F16-A595-B33BFC5B3F18}.Release|Any CPU.ActiveCfg = Release|Any CPU
		{EFB0D1E3-076D-4F16-A595-B33BFC5B3F18}.Release|Any CPU.Build.0 = Release|Any CPU
		{86884663-2A9F-4356-A50C-ABFCC47A21AE}.Debug|Any CPU.ActiveCfg = Debug|Any CPU
		{86884663-2A9F-4356-A50C-ABFCC47A21AE}.Debug|Any CPU.Build.0 = Debug|Any CPU
		{86884663-2A9F-4356-A50C-ABFCC47A21AE}.Release|Any CPU.ActiveCfg = Release|Any CPU
		{86884663-2A9F-4356-A50C-ABFCC47A21AE}.Release|Any CPU.Build.0 = Release|Any CPU
		{F5803169-25EF-4B23-94CA-C105C3251F06}.Debug|Any CPU.ActiveCfg = Debug|Any CPU
		{F5803169-25EF-4B23-94CA-C105C3251F06}.Debug|Any CPU.Build.0 = Debug|Any CPU
		{F5803169-25EF-4B23-94CA-C105C3251F06}.Release|Any CPU.ActiveCfg = Release|Any CPU
		{F5803169-25EF-4B23-94CA-C105C3251F06}.Release|Any CPU.Build.0 = Release|Any CPU
		{A99F44D3-9D76-4AA1-A833-BA2D283AD22E}.Debug|Any CPU.ActiveCfg = Debug|Any CPU
		{A99F44D3-9D76-4AA1-A833-BA2D283AD22E}.Debug|Any CPU.Build.0 = Debug|Any CPU
		{A99F44D3-9D76-4AA1-A833-BA2D283AD22E}.Release|Any CPU.ActiveCfg = Release|Any CPU
		{A99F44D3-9D76-4AA1-A833-BA2D283AD22E}.Release|Any CPU.Build.0 = Release|Any CPU
		{3EE43BC9-1D1A-4CAF-8B63-EB97A9F0CE09}.Debug|Any CPU.ActiveCfg = Debug|Any CPU
		{3EE43BC9-1D1A-4CAF-8B63-EB97A9F0CE09}.Debug|Any CPU.Build.0 = Debug|Any CPU
		{3EE43BC9-1D1A-4CAF-8B63-EB97A9F0CE09}.Release|Any CPU.ActiveCfg = Release|Any CPU
		{3EE43BC9-1D1A-4CAF-8B63-EB97A9F0CE09}.Release|Any CPU.Build.0 = Release|Any CPU
		{E1542247-C244-4EC3-99F1-F39717106886}.Debug|Any CPU.ActiveCfg = Debug|Any CPU
		{E1542247-C244-4EC3-99F1-F39717106886}.Debug|Any CPU.Build.0 = Debug|Any CPU
		{E1542247-C244-4EC3-99F1-F39717106886}.Release|Any CPU.ActiveCfg = Release|Any CPU
		{E1542247-C244-4EC3-99F1-F39717106886}.Release|Any CPU.Build.0 = Release|Any CPU
		{B3652141-5B17-4EFE-8B88-08D076CB8452}.Debug|Any CPU.ActiveCfg = Debug|Any CPU
		{B3652141-5B17-4EFE-8B88-08D076CB8452}.Debug|Any CPU.Build.0 = Debug|Any CPU
		{B3652141-5B17-4EFE-8B88-08D076CB8452}.Release|Any CPU.ActiveCfg = Release|Any CPU
		{B3652141-5B17-4EFE-8B88-08D076CB8452}.Release|Any CPU.Build.0 = Release|Any CPU
		{44AD51AB-D34E-4F1E-8246-E87B6ABC2A40}.Debug|Any CPU.ActiveCfg = Debug|Any CPU
		{44AD51AB-D34E-4F1E-8246-E87B6ABC2A40}.Debug|Any CPU.Build.0 = Debug|Any CPU
		{44AD51AB-D34E-4F1E-8246-E87B6ABC2A40}.Release|Any CPU.ActiveCfg = Release|Any CPU
		{44AD51AB-D34E-4F1E-8246-E87B6ABC2A40}.Release|Any CPU.Build.0 = Release|Any CPU
		{3EF55125-0623-4DA7-9DA2-236B6B29D1B9}.Debug|Any CPU.ActiveCfg = Debug|Any CPU
		{3EF55125-0623-4DA7-9DA2-236B6B29D1B9}.Debug|Any CPU.Build.0 = Debug|Any CPU
		{3EF55125-0623-4DA7-9DA2-236B6B29D1B9}.Release|Any CPU.ActiveCfg = Release|Any CPU
		{3EF55125-0623-4DA7-9DA2-236B6B29D1B9}.Release|Any CPU.Build.0 = Release|Any CPU
		{B4249E72-A4EE-40C9-BBC3-F7BA2B225B49}.Debug|Any CPU.ActiveCfg = Debug|Any CPU
		{B4249E72-A4EE-40C9-BBC3-F7BA2B225B49}.Debug|Any CPU.Build.0 = Debug|Any CPU
		{B4249E72-A4EE-40C9-BBC3-F7BA2B225B49}.Release|Any CPU.ActiveCfg = Release|Any CPU
		{B4249E72-A4EE-40C9-BBC3-F7BA2B225B49}.Release|Any CPU.Build.0 = Release|Any CPU
		{C166B554-BB89-4A79-B23A-6D01560A8A9C}.Debug|Any CPU.ActiveCfg = Debug|Any CPU
		{C166B554-BB89-4A79-B23A-6D01560A8A9C}.Debug|Any CPU.Build.0 = Debug|Any CPU
		{C166B554-BB89-4A79-B23A-6D01560A8A9C}.Release|Any CPU.ActiveCfg = Release|Any CPU
		{C166B554-BB89-4A79-B23A-6D01560A8A9C}.Release|Any CPU.Build.0 = Release|Any CPU
		{E451FEC9-2B6B-45A2-8AB9-57196F4557E8}.Debug|Any CPU.ActiveCfg = Debug|Any CPU
		{E451FEC9-2B6B-45A2-8AB9-57196F4557E8}.Debug|Any CPU.Build.0 = Debug|Any CPU
		{E451FEC9-2B6B-45A2-8AB9-57196F4557E8}.Release|Any CPU.ActiveCfg = Release|Any CPU
		{E451FEC9-2B6B-45A2-8AB9-57196F4557E8}.Release|Any CPU.Build.0 = Release|Any CPU
		{CD3096B6-9D30-4623-AA05-E93CB56CEF09}.Debug|Any CPU.ActiveCfg = Debug|Any CPU
		{CD3096B6-9D30-4623-AA05-E93CB56CEF09}.Debug|Any CPU.Build.0 = Debug|Any CPU
		{CD3096B6-9D30-4623-AA05-E93CB56CEF09}.Release|Any CPU.ActiveCfg = Release|Any CPU
		{CD3096B6-9D30-4623-AA05-E93CB56CEF09}.Release|Any CPU.Build.0 = Release|Any CPU
		{F3BEB653-9E30-4E65-A8BB-3192461CBF8D}.Debug|Any CPU.ActiveCfg = Debug|Any CPU
		{F3BEB653-9E30-4E65-A8BB-3192461CBF8D}.Debug|Any CPU.Build.0 = Debug|Any CPU
		{F3BEB653-9E30-4E65-A8BB-3192461CBF8D}.Release|Any CPU.ActiveCfg = Release|Any CPU
		{F3BEB653-9E30-4E65-A8BB-3192461CBF8D}.Release|Any CPU.Build.0 = Release|Any CPU
	EndGlobalSection
	GlobalSection(SolutionProperties) = preSolution
		HideSolutionNode = FALSE
	EndGlobalSection
EndGlobal
